
Microsoft Visual Studio Solution File, Format Version 12.00
# Visual Studio Version 17
VisualStudioVersion = 17.4.33122.133
MinimumVisualStudioVersion = 10.0.40219.1
Project("{FAE04EC0-301F-11D3-BF4B-00C04F79EFBC}") = "WCF_Chat", "WCF_Chat\WCF_Chat.csproj", "{A45A4C76-40B3-4E6A-AFCD-54016F198B8D}"
EndProject
Project("{FAE04EC0-301F-11D3-BF4B-00C04F79EFBC}") = "WpfApp1", "WpfApp1\WpfApp1.csproj", "{F1E4F94C-8333-4305-81B7-0B14618B832D}"
EndProject
Global
	GlobalSection(SolutionConfigurationPlatforms) = preSolution
		Debug|Any CPU = Debug|Any CPU
		Release|Any CPU = Release|Any CPU
	EndGlobalSection
	GlobalSection(ProjectConfigurationPlatforms) = postSolution
		{A45A4C76-40B3-4E6A-AFCD-54016F198B8D}.Debug|Any CPU.ActiveCfg = Debug|Any CPU
		{A45A4C76-40B3-4E6A-AFCD-54016F198B8D}.Debug|Any CPU.Build.0 = Debug|Any CPU
		{A45A4C76-40B3-4E6A-AFCD-54016F198B8D}.Release|Any CPU.ActiveCfg = Release|Any CPU
		{A45A4C76-40B3-4E6A-AFCD-54016F198B8D}.Release|Any CPU.Build.0 = Release|Any CPU
		{F1E4F94C-8333-4305-81B7-0B14618B832D}.Debug|Any CPU.ActiveCfg = Debug|Any CPU
		{F1E4F94C-8333-4305-81B7-0B14618B832D}.Debug|Any CPU.Build.0 = Debug|Any CPU
		{F1E4F94C-8333-4305-81B7-0B14618B832D}.Release|Any CPU.ActiveCfg = Release|Any CPU
		{F1E4F94C-8333-4305-81B7-0B14618B832D}.Release|Any CPU.Build.0 = Release|Any CPU
	EndGlobalSection
	GlobalSection(SolutionProperties) = preSolution
		HideSolutionNode = FALSE
	EndGlobalSection
	GlobalSection(ExtensibilityGlobals) = postSolution
		SolutionGuid = {2630F073-4E90-4072-843B-BCC5A2D74288}
	EndGlobalSection
EndGlobal
